
Microsoft Visual Studio Solution File, Format Version 12.00
Project("{FAE04EC0-301F-11D3-BF4B-00C04F79EFBC}") = "App", "App\App.csproj", "{430AC92A-1107-46EE-969E-1FF2B6108C4B}"
EndProject
Project("{FAE04EC0-301F-11D3-BF4B-00C04F79EFBC}") = "Database", "Database\Database.csproj", "{886C1BDE-968B-4131-9944-4D77F7CF7C80}"
EndProject
Global
	GlobalSection(SolutionConfigurationPlatforms) = preSolution
		Debug|Any CPU = Debug|Any CPU
		Release|Any CPU = Release|Any CPU
	EndGlobalSection
	GlobalSection(ProjectConfigurationPlatforms) = postSolution
		{430AC92A-1107-46EE-969E-1FF2B6108C4B}.Debug|Any CPU.ActiveCfg = Debug|Any CPU
		{430AC92A-1107-46EE-969E-1FF2B6108C4B}.Debug|Any CPU.Build.0 = Debug|Any CPU
		{430AC92A-1107-46EE-969E-1FF2B6108C4B}.Release|Any CPU.ActiveCfg = Release|Any CPU
		{430AC92A-1107-46EE-969E-1FF2B6108C4B}.Release|Any CPU.Build.0 = Release|Any CPU
		{886C1BDE-968B-4131-9944-4D77F7CF7C80}.Debug|Any CPU.ActiveCfg = Debug|Any CPU
		{886C1BDE-968B-4131-9944-4D77F7CF7C80}.Debug|Any CPU.Build.0 = Debug|Any CPU
		{886C1BDE-968B-4131-9944-4D77F7CF7C80}.Release|Any CPU.ActiveCfg = Release|Any CPU
		{886C1BDE-968B-4131-9944-4D77F7CF7C80}.Release|Any CPU.Build.0 = Release|Any CPU
	EndGlobalSection
EndGlobal
